
Microsoft Visual Studio Solution File, Format Version 12.00
# Visual Studio Version 16
VisualStudioVersion = 16.0.30225.117
MinimumVisualStudioVersion = 10.0.40219.1
Project("{9A19103F-16F7-4668-BE54-9A1E7A4F7556}") = "TestSolution", "TestSolution\TestSolution.csproj", "{7B159C51-82DB-461B-B08A-E8C0A8E76FDB}"
EndProject
Global
	GlobalSection(SolutionConfigurationPlatforms) = preSolution
		Debug|Any CPU = Debug|Any CPU
		Release|Any CPU = Release|Any CPU
	EndGlobalSection
	GlobalSection(ProjectConfigurationPlatforms) = postSolution
		{7B159C51-82DB-461B-B08A-E8C0A8E76FDB}.Debug|Any CPU.ActiveCfg = Debug|Any CPU
		{7B159C51-82DB-461B-B08A-E8C0A8E76FDB}.Debug|Any CPU.Build.0 = Debug|Any CPU
		{7B159C51-82DB-461B-B08A-E8C0A8E76FDB}.Release|Any CPU.ActiveCfg = Release|Any CPU
		{7B159C51-82DB-461B-B08A-E8C0A8E76FDB}.Release|Any CPU.Build.0 = Release|Any CPU
	EndGlobalSection
	GlobalSection(SolutionProperties) = preSolution
		HideSolutionNode = FALSE
	EndGlobalSection
	GlobalSection(ExtensibilityGlobals) = postSolution
		SolutionGuid = {D1FAB62E-5649-4B86-8478-2CC9513BA6B0}
	EndGlobalSection
EndGlobal
